
Microsoft Visual Studio Solution File, Format Version 12.00
# Visual Studio Version 16
VisualStudioVersion = 16.0.31729.503
MinimumVisualStudioVersion = 10.0.40219.1
Project("{FAE04EC0-301F-11D3-BF4B-00C04F79EFBC}") = "ThePowerOfKnowledge.Server", "Server\ThePowerOfKnowledge.Server.csproj", "{58620296-BF1F-4AD6-AA26-5A6B0A35173D}"
EndProject
Project("{FAE04EC0-301F-11D3-BF4B-00C04F79EFBC}") = "ThePowerOfKnowledge.Client", "Client\ThePowerOfKnowledge.Client.csproj", "{C343CCF7-AF1E-4443-95F4-B56F18C8A361}"
EndProject
Project("{FAE04EC0-301F-11D3-BF4B-00C04F79EFBC}") = "ThePowerOfKnowledge.Shared", "Shared\ThePowerOfKnowledge.Shared.csproj", "{38298CF2-B63D-4C30-85C0-FB8B2732912F}"
EndProject
Global
	GlobalSection(SolutionConfigurationPlatforms) = preSolution
		Debug|Any CPU = Debug|Any CPU
		Release|Any CPU = Release|Any CPU
	EndGlobalSection
	GlobalSection(ProjectConfigurationPlatforms) = postSolution
		{58620296-BF1F-4AD6-AA26-5A6B0A35173D}.Debug|Any CPU.ActiveCfg = Debug|Any CPU
		{58620296-BF1F-4AD6-AA26-5A6B0A35173D}.Debug|Any CPU.Build.0 = Debug|Any CPU
		{58620296-BF1F-4AD6-AA26-5A6B0A35173D}.Release|Any CPU.ActiveCfg = Release|Any CPU
		{58620296-BF1F-4AD6-AA26-5A6B0A35173D}.Release|Any CPU.Build.0 = Release|Any CPU
		{C343CCF7-AF1E-4443-95F4-B56F18C8A361}.Debug|Any CPU.ActiveCfg = Debug|Any CPU
		{C343CCF7-AF1E-4443-95F4-B56F18C8A361}.Debug|Any CPU.Build.0 = Debug|Any CPU
		{C343CCF7-AF1E-4443-95F4-B56F18C8A361}.Release|Any CPU.ActiveCfg = Release|Any CPU
		{C343CCF7-AF1E-4443-95F4-B56F18C8A361}.Release|Any CPU.Build.0 = Release|Any CPU
		{38298CF2-B63D-4C30-85C0-FB8B2732912F}.Debug|Any CPU.ActiveCfg = Debug|Any CPU
		{38298CF2-B63D-4C30-85C0-FB8B2732912F}.Debug|Any CPU.Build.0 = Debug|Any CPU
		{38298CF2-B63D-4C30-85C0-FB8B2732912F}.Release|Any CPU.ActiveCfg = Release|Any CPU
		{38298CF2-B63D-4C30-85C0-FB8B2732912F}.Release|Any CPU.Build.0 = Release|Any CPU
	EndGlobalSection
	GlobalSection(SolutionProperties) = preSolution
		HideSolutionNode = FALSE
	EndGlobalSection
	GlobalSection(ExtensibilityGlobals) = postSolution
		SolutionGuid = {67FC680E-DCBA-4B0D-AD95-D11AD6D2054B}
	EndGlobalSection
EndGlobal
